// !$*UTF8*$!
{
	archiveVersion = 1;
	classes = {
	};
	objectVersion = 77;
	objects = {

/* Begin PBXBuildFile section */
		F454748D2E30C7BF004A9646 /* KakaoSDKAuth in Frameworks */ = {isa = PBXBuildFile; productRef = F454748C2E30C7BF004A9646 /* KakaoSDKAuth */; };
		F454748F2E30C7BF004A9646 /* KakaoSDKCommon in Frameworks */ = {isa = PBXBuildFile; productRef = F454748E2E30C7BF004A9646 /* KakaoSDKCommon */; };
		F45474932E30C7BF004A9646 /* KakaoSDKUser in Frameworks */ = {isa = PBXBuildFile; productRef = F45474922E30C7BF004A9646 /* KakaoSDKUser */; };
		F49A33832E33519F00F61DB8 /* NidThirdPartyLogin in Frameworks */ = {isa = PBXBuildFile; productRef = F49A33822E33519F00F61DB8 /* NidThirdPartyLogin */; };
/* End PBXBuildFile section */

/* Begin PBXContainerItemProxy section */
		F4373C792DB3D78C006C8856 /* PBXContainerItemProxy */ = {
			isa = PBXContainerItemProxy;
			containerPortal = F4E095C02DB09BA9009E0ABD /* Project object */;
			proxyType = 1;
			remoteGlobalIDString = F4E095C72DB09BA9009E0ABD;
			remoteInfo = PlaygroundSwiftUI;
		};
/* End PBXContainerItemProxy section */

/* Begin PBXFileReference section */
		F4373C752DB3D78C006C8856 /* PlaygroundSwiftUITests.xctest */ = {isa = PBXFileReference; explicitFileType = wrapper.cfbundle; includeInIndex = 0; path = PlaygroundSwiftUITests.xctest; sourceTree = BUILT_PRODUCTS_DIR; };
		F4E095C82DB09BA9009E0ABD /* PlaygroundSwiftUI.app */ = {isa = PBXFileReference; explicitFileType = wrapper.application; includeInIndex = 0; path = PlaygroundSwiftUI.app; sourceTree = BUILT_PRODUCTS_DIR; };
/* End PBXFileReference section */

/* Begin PBXFileSystemSynchronizedBuildFileExceptionSet section */
		F42CC11D2DB2492B00C6E9D5 /* Exceptions for "PlaygroundSwiftUI" folder in "PlaygroundSwiftUI" target */ = {
			isa = PBXFileSystemSynchronizedBuildFileExceptionSet;
			membershipExceptions = (
				Config.xcconfig,
				Info.plist,
			);
			target = F4E095C72DB09BA9009E0ABD /* PlaygroundSwiftUI */;
		};
/* End PBXFileSystemSynchronizedBuildFileExceptionSet section */

/* Begin PBXFileSystemSynchronizedRootGroup section */
		F4373C762DB3D78C006C8856 /* PlaygroundSwiftUITests */ = {
			isa = PBXFileSystemSynchronizedRootGroup;
			path = PlaygroundSwiftUITests;
			sourceTree = "<group>";
		};
		F4E095CA2DB09BA9009E0ABD /* PlaygroundSwiftUI */ = {
			isa = PBXFileSystemSynchronizedRootGroup;
			exceptions = (
				F42CC11D2DB2492B00C6E9D5 /* Exceptions for "PlaygroundSwiftUI" folder in "PlaygroundSwiftUI" target */,
			);
			path = PlaygroundSwiftUI;
			sourceTree = "<group>";
		};
/* End PBXFileSystemSynchronizedRootGroup section */

/* Begin PBXFrameworksBuildPhase section */
		F4373C722DB3D78C006C8856 /* Frameworks */ = {
			isa = PBXFrameworksBuildPhase;
			buildActionMask = 2147483647;
			files = (
			);
			runOnlyForDeploymentPostprocessing = 0;
		};
		F4E095C52DB09BA9009E0ABD /* Frameworks */ = {
			isa = PBXFrameworksBuildPhase;
			buildActionMask = 2147483647;
			files = (
				F454748F2E30C7BF004A9646 /* KakaoSDKCommon in Frameworks */,
				F49A33832E33519F00F61DB8 /* NidThirdPartyLogin in Frameworks */,
				F45474932E30C7BF004A9646 /* KakaoSDKUser in Frameworks */,
				F454748D2E30C7BF004A9646 /* KakaoSDKAuth in Frameworks */,
			);
			runOnlyForDeploymentPostprocessing = 0;
		};
/* End PBXFrameworksBuildPhase section */

/* Begin PBXGroup section */
		F45474892E30C7BF004A9646 /* Frameworks */ = {
			isa = PBXGroup;
			children = (
			);
			name = Frameworks;
			sourceTree = "<group>";
		};
		F4E095BF2DB09BA9009E0ABD = {
			isa = PBXGroup;
			children = (
				F4E095CA2DB09BA9009E0ABD /* PlaygroundSwiftUI */,
				F4373C762DB3D78C006C8856 /* PlaygroundSwiftUITests */,
				F45474892E30C7BF004A9646 /* Frameworks */,
				F4E095C92DB09BA9009E0ABD /* Products */,
			);
			sourceTree = "<group>";
		};
		F4E095C92DB09BA9009E0ABD /* Products */ = {
			isa = PBXGroup;
			children = (
				F4E095C82DB09BA9009E0ABD /* PlaygroundSwiftUI.app */,
				F4373C752DB3D78C006C8856 /* PlaygroundSwiftUITests.xctest */,
			);
			name = Products;
			sourceTree = "<group>";
		};
/* End PBXGroup section */

/* Begin PBXNativeTarget section */
		F4373C742DB3D78C006C8856 /* PlaygroundSwiftUITests */ = {
			isa = PBXNativeTarget;
			buildConfigurationList = F4373C7B2DB3D78C006C8856 /* Build configuration list for PBXNativeTarget "PlaygroundSwiftUITests" */;
			buildPhases = (
				F4373C712DB3D78C006C8856 /* Sources */,
				F4373C722DB3D78C006C8856 /* Frameworks */,
				F4373C732DB3D78C006C8856 /* Resources */,
			);
			buildRules = (
			);
			dependencies = (
				F4373C7A2DB3D78C006C8856 /* PBXTargetDependency */,
			);
			fileSystemSynchronizedGroups = (
				F4373C762DB3D78C006C8856 /* PlaygroundSwiftUITests */,
			);
			name = PlaygroundSwiftUITests;
			packageProductDependencies = (
			);
			productName = PlaygroundSwiftUITests;
			productReference = F4373C752DB3D78C006C8856 /* PlaygroundSwiftUITests.xctest */;
			productType = "com.apple.product-type.bundle.unit-test";
		};
		F4E095C72DB09BA9009E0ABD /* PlaygroundSwiftUI */ = {
			isa = PBXNativeTarget;
			buildConfigurationList = F4E095D32DB09BAB009E0ABD /* Build configuration list for PBXNativeTarget "PlaygroundSwiftUI" */;
			buildPhases = (
				F4E095C42DB09BA9009E0ABD /* Sources */,
				F4E095C52DB09BA9009E0ABD /* Frameworks */,
				F4E095C62DB09BA9009E0ABD /* Resources */,
			);
			buildRules = (
			);
			dependencies = (
			);
			fileSystemSynchronizedGroups = (
				F4E095CA2DB09BA9009E0ABD /* PlaygroundSwiftUI */,
			);
			name = PlaygroundSwiftUI;
			packageProductDependencies = (
				F454748C2E30C7BF004A9646 /* KakaoSDKAuth */,
				F454748E2E30C7BF004A9646 /* KakaoSDKCommon */,
				F45474922E30C7BF004A9646 /* KakaoSDKUser */,
				F49A33822E33519F00F61DB8 /* NidThirdPartyLogin */,
			);
			productName = PlaygroundSwiftUI;
			productReference = F4E095C82DB09BA9009E0ABD /* PlaygroundSwiftUI.app */;
			productType = "com.apple.product-type.application";
		};
/* End PBXNativeTarget section */

/* Begin PBXProject section */
		F4E095C02DB09BA9009E0ABD /* Project object */ = {
			isa = PBXProject;
			attributes = {
				BuildIndependentTargetsInParallel = 1;
				LastSwiftUpdateCheck = 1630;
				LastUpgradeCheck = 1640;
				TargetAttributes = {
					F4373C742DB3D78C006C8856 = {
						CreatedOnToolsVersion = 16.3;
						LastSwiftMigration = 1630;
						TestTargetID = F4E095C72DB09BA9009E0ABD;
					};
					F4E095C72DB09BA9009E0ABD = {
						CreatedOnToolsVersion = 16.3;
					};
				};
			};
			buildConfigurationList = F4E095C32DB09BA9009E0ABD /* Build configuration list for PBXProject "PlaygroundSwiftUI" */;
			developmentRegion = en;
			hasScannedForEncodings = 0;
			knownRegions = (
				en,
				Base,
			);
			mainGroup = F4E095BF2DB09BA9009E0ABD;
			minimizedProjectReferenceProxies = 1;
			packageReferences = (
				F45474832E30C0D1004A9646 /* XCRemoteSwiftPackageReference "kakao-ios-sdk" */,
				F49A33332E31FE0F00F61DB8 /* XCRemoteSwiftPackageReference "naveridlogin-sdk-ios-swift" */,
			);
			preferredProjectObjectVersion = 77;
			productRefGroup = F4E095C92DB09BA9009E0ABD /* Products */;
			projectDirPath = "";
			projectRoot = "";
			targets = (
				F4E095C72DB09BA9009E0ABD /* PlaygroundSwiftUI */,
				F4373C742DB3D78C006C8856 /* PlaygroundSwiftUITests */,
			);
		};
/* End PBXProject section */

/* Begin PBXResourcesBuildPhase section */
		F4373C732DB3D78C006C8856 /* Resources */ = {
			isa = PBXResourcesBuildPhase;
			buildActionMask = 2147483647;
			files = (
			);
			runOnlyForDeploymentPostprocessing = 0;
		};
		F4E095C62DB09BA9009E0ABD /* Resources */ = {
			isa = PBXResourcesBuildPhase;
			buildActionMask = 2147483647;
			files = (
			);
			runOnlyForDeploymentPostprocessing = 0;
		};
/* End PBXResourcesBuildPhase section */

/* Begin PBXSourcesBuildPhase section */
		F4373C712DB3D78C006C8856 /* Sources */ = {
			isa = PBXSourcesBuildPhase;
			buildActionMask = 2147483647;
			files = (
			);
			runOnlyForDeploymentPostprocessing = 0;
		};
		F4E095C42DB09BA9009E0ABD /* Sources */ = {
			isa = PBXSourcesBuildPhase;
			buildActionMask = 2147483647;
			files = (
			);
			runOnlyForDeploymentPostprocessing = 0;
		};
/* End PBXSourcesBuildPhase section */

/* Begin PBXTargetDependency section */
		F4373C7A2DB3D78C006C8856 /* PBXTargetDependency */ = {
			isa = PBXTargetDependency;
			target = F4E095C72DB09BA9009E0ABD /* PlaygroundSwiftUI */;
			targetProxy = F4373C792DB3D78C006C8856 /* PBXContainerItemProxy */;
		};
/* End PBXTargetDependency section */

/* Begin XCBuildConfiguration section */
		F4373C7C2DB3D78C006C8856 /* Debug */ = {
			isa = XCBuildConfiguration;
			buildSettings = {
				BUNDLE_LOADER = "$(TEST_HOST)";
				CLANG_ENABLE_MODULES = YES;
				CODE_SIGN_STYLE = Automatic;
				CURRENT_PROJECT_VERSION = 1;
				DEVELOPMENT_TEAM = 78QTJM9AD7;
				GENERATE_INFOPLIST_FILE = YES;
				MARKETING_VERSION = 1.0;
				PRODUCT_BUNDLE_IDENTIFIER = com.yongms.PlaygroundSwiftUITests;
				PRODUCT_NAME = "$(TARGET_NAME)";
				SWIFT_EMIT_LOC_STRINGS = NO;
				SWIFT_OPTIMIZATION_LEVEL = "-Onone";
				SWIFT_VERSION = 5.0;
				TARGETED_DEVICE_FAMILY = "1,2";
				TEST_HOST = "$(BUILT_PRODUCTS_DIR)/PlaygroundSwiftUI.app/$(BUNDLE_EXECUTABLE_FOLDER_PATH)/PlaygroundSwiftUI";
			};
			name = Debug;
		};
		F4373C7D2DB3D78C006C8856 /* Release */ = {
			isa = XCBuildConfiguration;
			buildSettings = {
				BUNDLE_LOADER = "$(TEST_HOST)";
				CLANG_ENABLE_MODULES = YES;
				CODE_SIGN_STYLE = Automatic;
				CURRENT_PROJECT_VERSION = 1;
				DEVELOPMENT_TEAM = 78QTJM9AD7;
				GENERATE_INFOPLIST_FILE = YES;
				MARKETING_VERSION = 1.0;
				PRODUCT_BUNDLE_IDENTIFIER = com.yongms.PlaygroundSwiftUITests;
				PRODUCT_NAME = "$(TARGET_NAME)";
				SWIFT_EMIT_LOC_STRINGS = NO;
				SWIFT_VERSION = 5.0;
				TARGETED_DEVICE_FAMILY = "1,2";
				TEST_HOST = "$(BUILT_PRODUCTS_DIR)/PlaygroundSwiftUI.app/$(BUNDLE_EXECUTABLE_FOLDER_PATH)/PlaygroundSwiftUI";
			};
			name = Release;
		};
		F4E095D12DB09BAB009E0ABD /* Debug */ = {
			isa = XCBuildConfiguration;
			buildSettings = {
				ALWAYS_SEARCH_USER_PATHS = NO;
				ASSETCATALOG_COMPILER_GENERATE_SWIFT_ASSET_SYMBOL_EXTENSIONS = YES;
				CLANG_ANALYZER_NONNULL = YES;
				CLANG_ANALYZER_NUMBER_OBJECT_CONVERSION = YES_AGGRESSIVE;
				CLANG_CXX_LANGUAGE_STANDARD = "gnu++20";
				CLANG_ENABLE_MODULES = YES;
				CLANG_ENABLE_OBJC_ARC = YES;
				CLANG_ENABLE_OBJC_WEAK = YES;
				CLANG_WARN_BLOCK_CAPTURE_AUTORELEASING = YES;
				CLANG_WARN_BOOL_CONVERSION = YES;
				CLANG_WARN_COMMA = YES;
				CLANG_WARN_CONSTANT_CONVERSION = YES;
				CLANG_WARN_DEPRECATED_OBJC_IMPLEMENTATIONS = YES;
				CLANG_WARN_DIRECT_OBJC_ISA_USAGE = YES_ERROR;
				CLANG_WARN_DOCUMENTATION_COMMENTS = YES;
				CLANG_WARN_EMPTY_BODY = YES;
				CLANG_WARN_ENUM_CONVERSION = YES;
				CLANG_WARN_INFINITE_RECURSION = YES;
				CLANG_WARN_INT_CONVERSION = YES;
				CLANG_WARN_NON_LITERAL_NULL_CONVERSION = YES;
				CLANG_WARN_OBJC_IMPLICIT_RETAIN_SELF = YES;
				CLANG_WARN_OBJC_LITERAL_CONVERSION = YES;
				CLANG_WARN_OBJC_ROOT_CLASS = YES_ERROR;
				CLANG_WARN_QUOTED_INCLUDE_IN_FRAMEWORK_HEADER = YES;
				CLANG_WARN_RANGE_LOOP_ANALYSIS = YES;
				CLANG_WARN_STRICT_PROTOTYPES = YES;
				CLANG_WARN_SUSPICIOUS_MOVE = YES;
				CLANG_WARN_UNGUARDED_AVAILABILITY = YES_AGGRESSIVE;
				CLANG_WARN_UNREACHABLE_CODE = YES;
				CLANG_WARN__DUPLICATE_METHOD_MATCH = YES;
				COPY_PHASE_STRIP = NO;
				DEBUG_INFORMATION_FORMAT = dwarf;
				DEVELOPMENT_TEAM = 78QTJM9AD7;
				ENABLE_STRICT_OBJC_MSGSEND = YES;
				ENABLE_TESTABILITY = YES;
				ENABLE_USER_SCRIPT_SANDBOXING = YES;
				GCC_C_LANGUAGE_STANDARD = gnu17;
				GCC_DYNAMIC_NO_PIC = NO;
				GCC_NO_COMMON_BLOCKS = YES;
				GCC_OPTIMIZATION_LEVEL = 0;
				GCC_PREPROCESSOR_DEFINITIONS = (
					"DEBUG=1",
					"$(inherited)",
				);
				GCC_WARN_64_TO_32_BIT_CONVERSION = YES;
				GCC_WARN_ABOUT_RETURN_TYPE = YES_ERROR;
				GCC_WARN_UNDECLARED_SELECTOR = YES;
				GCC_WARN_UNINITIALIZED_AUTOS = YES_AGGRESSIVE;
				GCC_WARN_UNUSED_FUNCTION = YES;
				GCC_WARN_UNUSED_VARIABLE = YES;
				IPHONEOS_DEPLOYMENT_TARGET = 18.4;
				LOCALIZATION_PREFERS_STRING_CATALOGS = YES;
				MTL_ENABLE_DEBUG_INFO = INCLUDE_SOURCE;
				MTL_FAST_MATH = YES;
				ONLY_ACTIVE_ARCH = YES;
				SDKROOT = iphoneos;
				SWIFT_ACTIVE_COMPILATION_CONDITIONS = "DEBUG $(inherited)";
				SWIFT_OPTIMIZATION_LEVEL = "-Onone";
			};
			name = Debug;
		};
		F4E095D22DB09BAB009E0ABD /* Release */ = {
			isa = XCBuildConfiguration;
			buildSettings = {
				ALWAYS_SEARCH_USER_PATHS = NO;
				ASSETCATALOG_COMPILER_GENERATE_SWIFT_ASSET_SYMBOL_EXTENSIONS = YES;
				CLANG_ANALYZER_NONNULL = YES;
				CLANG_ANALYZER_NUMBER_OBJECT_CONVERSION = YES_AGGRESSIVE;
				CLANG_CXX_LANGUAGE_STANDARD = "gnu++20";
				CLANG_ENABLE_MODULES = YES;
				CLANG_ENABLE_OBJC_ARC = YES;
				CLANG_ENABLE_OBJC_WEAK = YES;
				CLANG_WARN_BLOCK_CAPTURE_AUTORELEASING = YES;
				CLANG_WARN_BOOL_CONVERSION = YES;
				CLANG_WARN_COMMA = YES;
				CLANG_WARN_CONSTANT_CONVERSION = YES;
				CLANG_WARN_DEPRECATED_OBJC_IMPLEMENTATIONS = YES;
				CLANG_WARN_DIRECT_OBJC_ISA_USAGE = YES_ERROR;
				CLANG_WARN_DOCUMENTATION_COMMENTS = YES;
				CLANG_WARN_EMPTY_BODY = YES;
				CLANG_WARN_ENUM_CONVERSION = YES;
				CLANG_WARN_INFINITE_RECURSION = YES;
				CLANG_WARN_INT_CONVERSION = YES;
				CLANG_WARN_NON_LITERAL_NULL_CONVERSION = YES;
				CLANG_WARN_OBJC_IMPLICIT_RETAIN_SELF = YES;
				CLANG_WARN_OBJC_LITERAL_CONVERSION = YES;
				CLANG_WARN_OBJC_ROOT_CLASS = YES_ERROR;
				CLANG_WARN_QUOTED_INCLUDE_IN_FRAMEWORK_HEADER = YES;
				CLANG_WARN_RANGE_LOOP_ANALYSIS = YES;
				CLANG_WARN_STRICT_PROTOTYPES = YES;
				CLANG_WARN_SUSPICIOUS_MOVE = YES;
				CLANG_WARN_UNGUARDED_AVAILABILITY = YES_AGGRESSIVE;
				CLANG_WARN_UNREACHABLE_CODE = YES;
				CLANG_WARN__DUPLICATE_METHOD_MATCH = YES;
				COPY_PHASE_STRIP = NO;
				DEBUG_INFORMATION_FORMAT = "dwarf-with-dsym";
				DEVELOPMENT_TEAM = 78QTJM9AD7;
				ENABLE_NS_ASSERTIONS = NO;
				ENABLE_STRICT_OBJC_MSGSEND = YES;
				ENABLE_USER_SCRIPT_SANDBOXING = YES;
				GCC_C_LANGUAGE_STANDARD = gnu17;
				GCC_NO_COMMON_BLOCKS = YES;
				GCC_WARN_64_TO_32_BIT_CONVERSION = YES;
				GCC_WARN_ABOUT_RETURN_TYPE = YES_ERROR;
				GCC_WARN_UNDECLARED_SELECTOR = YES;
				GCC_WARN_UNINITIALIZED_AUTOS = YES_AGGRESSIVE;
				GCC_WARN_UNUSED_FUNCTION = YES;
				GCC_WARN_UNUSED_VARIABLE = YES;
				IPHONEOS_DEPLOYMENT_TARGET = 18.4;
				LOCALIZATION_PREFERS_STRING_CATALOGS = YES;
				MTL_ENABLE_DEBUG_INFO = NO;
				MTL_FAST_MATH = YES;
				SDKROOT = iphoneos;
				SWIFT_COMPILATION_MODE = wholemodule;
				VALIDATE_PRODUCT = YES;
			};
			name = Release;
		};
		F4E095D42DB09BAB009E0ABD /* Debug */ = {
			isa = XCBuildConfiguration;
			baseConfigurationReferenceAnchor = F4E095CA2DB09BA9009E0ABD /* PlaygroundSwiftUI */;
			baseConfigurationReferenceRelativePath = Config.xcconfig;
			buildSettings = {
				ASSETCATALOG_COMPILER_APPICON_NAME = AppIcon;
				ASSETCATALOG_COMPILER_GLOBAL_ACCENT_COLOR_NAME = AccentColor;
				CODE_SIGN_STYLE = Automatic;
				CURRENT_PROJECT_VERSION = 1;
				DEVELOPMENT_TEAM = 78QTJM9AD7;
				ENABLE_PREVIEWS = YES;
				GENERATE_INFOPLIST_FILE = YES;
				INFOPLIST_FILE = PlaygroundSwiftUI/Info.plist;
				INFOPLIST_KEY_NSLocationWhenInUseUsageDescription = "위치정보를 허용";
				INFOPLIST_KEY_UIApplicationSceneManifest_Generation = YES;
				INFOPLIST_KEY_UIApplicationSupportsIndirectInputEvents = YES;
				INFOPLIST_KEY_UILaunchScreen_Generation = YES;
				INFOPLIST_KEY_UISupportedInterfaceOrientations_iPad = "UIInterfaceOrientationPortrait UIInterfaceOrientationPortraitUpsideDown UIInterfaceOrientationLandscapeLeft UIInterfaceOrientationLandscapeRight";
				INFOPLIST_KEY_UISupportedInterfaceOrientations_iPhone = "UIInterfaceOrientationPortrait UIInterfaceOrientationLandscapeLeft UIInterfaceOrientationLandscapeRight";
				IPHONEOS_DEPLOYMENT_TARGET = 18.0;
				LD_RUNPATH_SEARCH_PATHS = (
					"$(inherited)",
					"@executable_path/Frameworks",
				);
				MARKETING_VERSION = 1.0;
				PRODUCT_BUNDLE_IDENTIFIER = com.yongms.PlaygroundSwiftUI;
				PRODUCT_NAME = "$(TARGET_NAME)";
				SWIFT_EMIT_LOC_STRINGS = YES;
				SWIFT_VERSION = 5.0;
				TARGETED_DEVICE_FAMILY = "1,2";
			};
			name = Debug;
		};
		F4E095D52DB09BAB009E0ABD /* Release */ = {
			isa = XCBuildConfiguration;
			baseConfigurationReferenceAnchor = F4E095CA2DB09BA9009E0ABD /* PlaygroundSwiftUI */;
			baseConfigurationReferenceRelativePath = Config.xcconfig;
			buildSettings = {
				ASSETCATALOG_COMPILER_APPICON_NAME = AppIcon;
				ASSETCATALOG_COMPILER_GLOBAL_ACCENT_COLOR_NAME = AccentColor;
				CODE_SIGN_STYLE = Automatic;
				CURRENT_PROJECT_VERSION = 1;
				DEVELOPMENT_TEAM = 78QTJM9AD7;
				ENABLE_PREVIEWS = YES;
				GENERATE_INFOPLIST_FILE = YES;
				INFOPLIST_FILE = PlaygroundSwiftUI/Info.plist;
				INFOPLIST_KEY_NSLocationWhenInUseUsageDescription = "위치정보를 허용";
				INFOPLIST_KEY_UIApplicationSceneManifest_Generation = YES;
				INFOPLIST_KEY_UIApplicationSupportsIndirectInputEvents = YES;
				INFOPLIST_KEY_UILaunchScreen_Generation = YES;
				INFOPLIST_KEY_UISupportedInterfaceOrientations_iPad = "UIInterfaceOrientationPortrait UIInterfaceOrientationPortraitUpsideDown UIInterfaceOrientationLandscapeLeft UIInterfaceOrientationLandscapeRight";
				INFOPLIST_KEY_UISupportedInterfaceOrientations_iPhone = "UIInterfaceOrientationPortrait UIInterfaceOrientationLandscapeLeft UIInterfaceOrientationLandscapeRight";
				IPHONEOS_DEPLOYMENT_TARGET = 18.0;
				LD_RUNPATH_SEARCH_PATHS = (
					"$(inherited)",
					"@executable_path/Frameworks",
				);
				MARKETING_VERSION = 1.0;
				PRODUCT_BUNDLE_IDENTIFIER = com.yongms.PlaygroundSwiftUI;
				PRODUCT_NAME = "$(TARGET_NAME)";
				SWIFT_EMIT_LOC_STRINGS = YES;
				SWIFT_VERSION = 5.0;
				TARGETED_DEVICE_FAMILY = "1,2";
			};
			name = Release;
		};
/* End XCBuildConfiguration section */

/* Begin XCConfigurationList section */
		F4373C7B2DB3D78C006C8856 /* Build configuration list for PBXNativeTarget "PlaygroundSwiftUITests" */ = {
			isa = XCConfigurationList;
			buildConfigurations = (
				F4373C7C2DB3D78C006C8856 /* Debug */,
				F4373C7D2DB3D78C006C8856 /* Release */,
			);
			defaultConfigurationIsVisible = 0;
			defaultConfigurationName = Release;
		};
		F4E095C32DB09BA9009E0ABD /* Build configuration list for PBXProject "PlaygroundSwiftUI" */ = {
			isa = XCConfigurationList;
			buildConfigurations = (
				F4E095D12DB09BAB009E0ABD /* Debug */,
				F4E095D22DB09BAB009E0ABD /* Release */,
			);
			defaultConfigurationIsVisible = 0;
			defaultConfigurationName = Release;
		};
		F4E095D32DB09BAB009E0ABD /* Build configuration list for PBXNativeTarget "PlaygroundSwiftUI" */ = {
			isa = XCConfigurationList;
			buildConfigurations = (
				F4E095D42DB09BAB009E0ABD /* Debug */,
				F4E095D52DB09BAB009E0ABD /* Release */,
			);
			defaultConfigurationIsVisible = 0;
			defaultConfigurationName = Release;
		};
/* End XCConfigurationList section */

/* Begin XCRemoteSwiftPackageReference section */
		F45474832E30C0D1004A9646 /* XCRemoteSwiftPackageReference "kakao-ios-sdk" */ = {
			isa = XCRemoteSwiftPackageReference;
			repositoryURL = "https://github.com/kakao/kakao-ios-sdk";
			requirement = {
				kind = upToNextMajorVersion;
				minimumVersion = 2.24.5;
			};
		};
		F49A33332E31FE0F00F61DB8 /* XCRemoteSwiftPackageReference "naveridlogin-sdk-ios-swift" */ = {
			isa = XCRemoteSwiftPackageReference;
			repositoryURL = "https://github.com/naver/naveridlogin-sdk-ios-swift";
			requirement = {
				kind = upToNextMajorVersion;
				minimumVersion = 5.0.1;
			};
		};
/* End XCRemoteSwiftPackageReference section */

/* Begin XCSwiftPackageProductDependency section */
		F454748C2E30C7BF004A9646 /* KakaoSDKAuth */ = {
			isa = XCSwiftPackageProductDependency;
			package = F45474832E30C0D1004A9646 /* XCRemoteSwiftPackageReference "kakao-ios-sdk" */;
			productName = KakaoSDKAuth;
		};
		F454748E2E30C7BF004A9646 /* KakaoSDKCommon */ = {
			isa = XCSwiftPackageProductDependency;
			package = F45474832E30C0D1004A9646 /* XCRemoteSwiftPackageReference "kakao-ios-sdk" */;
			productName = KakaoSDKCommon;
		};
		F45474922E30C7BF004A9646 /* KakaoSDKUser */ = {
			isa = XCSwiftPackageProductDependency;
			package = F45474832E30C0D1004A9646 /* XCRemoteSwiftPackageReference "kakao-ios-sdk" */;
			productName = KakaoSDKUser;
		};
		F49A33822E33519F00F61DB8 /* NidThirdPartyLogin */ = {
			isa = XCSwiftPackageProductDependency;
			package = F49A33332E31FE0F00F61DB8 /* XCRemoteSwiftPackageReference "naveridlogin-sdk-ios-swift" */;
			productName = NidThirdPartyLogin;
		};
/* End XCSwiftPackageProductDependency section */
	};
	rootObject = F4E095C02DB09BA9009E0ABD /* Project object */;
}
